{
  "name": "pattern-collector-base-files",
  "version": "1.4.2",
  "lockfileVersion": 3,
  "requires": true,
  "packages": {
    "": {
      "name": "pattern-collector-base-files",
      "version": "1.4.2",
      "devDependencies": {
        "ks-delete-workflow-runs": "^1.0.0"
      }
    },
    "node_modules/ks-delete-workflow-runs": {
      "version": "1.0.0",
      "resolved": "https://registry.npmjs.org/ks-delete-workflow-runs/-/ks-delete-workflow-runs-1.0.0.tgz",
      "integrity": "sha512-IpuRQO486QGOcsGYYrBCqsT6MoX1sjluDUhiD21eqOAoOjXeHGzQw7RDj9LhRh4hofIdOHmlEXVMfc3OaS8fZw==",
      "dev": true,
      "license": "MIT",
      "bin": {
        "ks-delete-workflow-runs": "bin/cli.js"
      }
    }
  }
}
